// !$*UTF8*$!
{
	archiveVersion = 1;
	classes = {
	};
	objectVersion = 46;
	objects = {

/* Begin PBXBuildFile section */
		184828C01AA97E88006D3ACA /* main.m in Sources */ = {isa = PBXBuildFile; fileRef = 184828BF1AA97E88006D3ACA /* main.m */; };
		184828C31AA97E88006D3ACA /* AppDelegate.m in Sources */ = {isa = PBXBuildFile; fileRef = 184828C21AA97E88006D3ACA /* AppDelegate.m */; };
		184828C61AA97E88006D3ACA /* ViewController.m in Sources */ = {isa = PBXBuildFile; fileRef = 184828C51AA97E88006D3ACA /* ViewController.m */; };
		184828C91AA97E88006D3ACA /* Main.storyboard in Resources */ = {isa = PBXBuildFile; fileRef = 184828C71AA97E88006D3ACA /* Main.storyboard */; };
		184828CB1AA97E88006D3ACA /* Images.xcassets in Resources */ = {isa = PBXBuildFile; fileRef = 184828CA1AA97E88006D3ACA /* Images.xcassets */; };
		184828CE1AA97E88006D3ACA /* LaunchScreen.xib in Resources */ = {isa = PBXBuildFile; fileRef = 184828CC1AA97E88006D3ACA /* LaunchScreen.xib */; };
		184828DA1AA97E88006D3ACA /* CameraDemoTests.m in Sources */ = {isa = PBXBuildFile; fileRef = 184828D91AA97E88006D3ACA /* CameraDemoTests.m */; };
		184828E41AA98987006D3ACA /* MobileCoreServices.framework in Frameworks */ = {isa = PBXBuildFile; fileRef = 184828E31AA98987006D3ACA /* MobileCoreServices.framework */; };
		184828E61AA9A4B2006D3ACA /* AVFoundation.framework in Frameworks */ = {isa = PBXBuildFile; fileRef = 184828E51AA9A4B1006D3ACA /* AVFoundation.framework */; };
/* End PBXBuildFile section */

/* Begin PBXContainerItemProxy section */
		184828D41AA97E88006D3ACA /* PBXContainerItemProxy */ = {
			isa = PBXContainerItemProxy;
			containerPortal = 184828B21AA97E87006D3ACA /* Project object */;
			proxyType = 1;
			remoteGlobalIDString = 184828B91AA97E87006D3ACA;
			remoteInfo = CameraDemo;
		};
/* End PBXContainerItemProxy section */

/* Begin PBXFileReference section */
		184828BA1AA97E88006D3ACA /* CameraDemo.app */ = {isa = PBXFileReference; explicitFileType = wrapper.application; includeInIndex = 0; path = CameraDemo.app; sourceTree = BUILT_PRODUCTS_DIR; };
		184828BE1AA97E88006D3ACA /* Info.plist */ = {isa = PBXFileReference; lastKnownFileType = text.plist.xml; path = Info.plist; sourceTree = "<group>"; };
		184828BF1AA97E88006D3ACA /* main.m */ = {isa = PBXFileReference; lastKnownFileType = sourcecode.c.objc; path = main.m; sourceTree = "<group>"; };
		184828C11AA97E88006D3ACA /* AppDelegate.h */ = {isa = PBXFileReference; lastKnownFileType = sourcecode.c.h; path = AppDelegate.h; sourceTree = "<group>"; };
		184828C21AA97E88006D3ACA /* AppDelegate.m */ = {isa = PBXFileReference; lastKnownFileType = sourcecode.c.objc; path = AppDelegate.m; sourceTree = "<group>"; };
		184828C41AA97E88006D3ACA /* ViewController.h */ = {isa = PBXFileReference; lastKnownFileType = sourcecode.c.h; path = ViewController.h; sourceTree = "<group>"; };
		184828C51AA97E88006D3ACA /* ViewController.m */ = {isa = PBXFileReference; lastKnownFileType = sourcecode.c.objc; path = ViewController.m; sourceTree = "<group>"; };
		184828C81AA97E88006D3ACA /* Base */ = {isa = PBXFileReference; lastKnownFileType = file.storyboard; name = Base; path = Base.lproj/Main.storyboard; sourceTree = "<group>"; };
		184828CA1AA97E88006D3ACA /* Images.xcassets */ = {isa = PBXFileReference; lastKnownFileType = folder.assetcatalog; path = Images.xcassets; sourceTree = "<group>"; };
		184828CD1AA97E88006D3ACA /* Base */ = {isa = PBXFileReference; lastKnownFileType = file.xib; name = Base; path = Base.lproj/LaunchScreen.xib; sourceTree = "<group>"; };
		184828D31AA97E88006D3ACA /* CameraDemoTests.xctest */ = {isa = PBXFileReference; explicitFileType = wrapper.cfbundle; includeInIndex = 0; path = CameraDemoTests.xctest; sourceTree = BUILT_PRODUCTS_DIR; };
		184828D81AA97E88006D3ACA /* Info.plist */ = {isa = PBXFileReference; lastKnownFileType = text.plist.xml; path = Info.plist; sourceTree = "<group>"; };
		184828D91AA97E88006D3ACA /* CameraDemoTests.m */ = {isa = PBXFileReference; lastKnownFileType = sourcecode.c.objc; path = CameraDemoTests.m; sourceTree = "<group>"; };
		184828E31AA98987006D3ACA /* MobileCoreServices.framework */ = {isa = PBXFileReference; lastKnownFileType = wrapper.framework; name = MobileCoreServices.framework; path = System/Library/Frameworks/MobileCoreServices.framework; sourceTree = SDKROOT; };
		184828E51AA9A4B1006D3ACA /* AVFoundation.framework */ = {isa = PBXFileReference; lastKnownFileType = wrapper.framework; name = AVFoundation.framework; path = System/Library/Frameworks/AVFoundation.framework; sourceTree = SDKROOT; };
/* End PBXFileReference section */

/* Begin PBXFrameworksBuildPhase section */
		184828B71AA97E87006D3ACA /* Frameworks */ = {
			isa = PBXFrameworksBuildPhase;
			buildActionMask = 2147483647;
			files = (
				184828E61AA9A4B2006D3ACA /* AVFoundation.framework in Frameworks */,
				184828E41AA98987006D3ACA /* MobileCoreServices.framework in Frameworks */,
			);
			runOnlyForDeploymentPostprocessing = 0;
		};
		184828D01AA97E88006D3ACA /* Frameworks */ = {
			isa = PBXFrameworksBuildPhase;
			buildActionMask = 2147483647;
			files = (
			);
			runOnlyForDeploymentPostprocessing = 0;
		};
/* End PBXFrameworksBuildPhase section */

/* Begin PBXGroup section */
		184828B11AA97E87006D3ACA = {
			isa = PBXGroup;
			children = (
				184828E51AA9A4B1006D3ACA /* AVFoundation.framework */,
				184828E31AA98987006D3ACA /* MobileCoreServices.framework */,
				184828BC1AA97E88006D3ACA /* CameraDemo */,
				184828D61AA97E88006D3ACA /* CameraDemoTests */,
				184828BB1AA97E88006D3ACA /* Products */,
			);
			sourceTree = "<group>";
		};
		184828BB1AA97E88006D3ACA /* Products */ = {
			isa = PBXGroup;
			children = (
				184828BA1AA97E88006D3ACA /* CameraDemo.app */,
				184828D31AA97E88006D3ACA /* CameraDemoTests.xctest */,
			);
			name = Products;
			sourceTree = "<group>";
		};
		184828BC1AA97E88006D3ACA /* CameraDemo */ = {
			isa = PBXGroup;
			children = (
				184828C11AA97E88006D3ACA /* AppDelegate.h */,
				184828C21AA97E88006D3ACA /* AppDelegate.m */,
				184828C41AA97E88006D3ACA /* ViewController.h */,
				184828C51AA97E88006D3ACA /* ViewController.m */,
				184828C71AA97E88006D3ACA /* Main.storyboard */,
				184828CA1AA97E88006D3ACA /* Images.xcassets */,
				184828CC1AA97E88006D3ACA /* LaunchScreen.xib */,
				184828BD1AA97E88006D3ACA /* Supporting Files */,
			);
			path = CameraDemo;
			sourceTree = "<group>";
		};
		184828BD1AA97E88006D3ACA /* Supporting Files */ = {
			isa = PBXGroup;
			children = (
				184828BE1AA97E88006D3ACA /* Info.plist */,
				184828BF1AA97E88006D3ACA /* main.m */,
			);
			name = "Supporting Files";
			sourceTree = "<group>";
		};
		184828D61AA97E88006D3ACA /* CameraDemoTests */ = {
			isa = PBXGroup;
			children = (
				184828D91AA97E88006D3ACA /* CameraDemoTests.m */,
				184828D71AA97E88006D3ACA /* Supporting Files */,
			);
			path = CameraDemoTests;
			sourceTree = "<group>";
		};
		184828D71AA97E88006D3ACA /* Supporting Files */ = {
			isa = PBXGroup;
			children = (
				184828D81AA97E88006D3ACA /* Info.plist */,
			);
			name = "Supporting Files";
			sourceTree = "<group>";
		};
/* End PBXGroup section */

/* Begin PBXNativeTarget section */
		184828B91AA97E87006D3ACA /* CameraDemo */ = {
			isa = PBXNativeTarget;
			buildConfigurationList = 184828DD1AA97E88006D3ACA /* Build configuration list for PBXNativeTarget "CameraDemo" */;
			buildPhases = (
				184828B61AA97E87006D3ACA /* Sources */,
				184828B71AA97E87006D3ACA /* Frameworks */,
				184828B81AA97E87006D3ACA /* Resources */,
			);
			buildRules = (
			);
			dependencies = (
			);
			name = CameraDemo;
			productName = CameraDemo;
			productReference = 184828BA1AA97E88006D3ACA /* CameraDemo.app */;
			productType = "com.apple.product-type.application";
		};
		184828D21AA97E88006D3ACA /* CameraDemoTests */ = {
			isa = PBXNativeTarget;
			buildConfigurationList = 184828E01AA97E88006D3ACA /* Build configuration list for PBXNativeTarget "CameraDemoTests" */;
			buildPhases = (
				184828CF1AA97E88006D3ACA /* Sources */,
				184828D01AA97E88006D3ACA /* Frameworks */,
				184828D11AA97E88006D3ACA /* Resources */,
			);
			buildRules = (
			);
			dependencies = (
				184828D51AA97E88006D3ACA /* PBXTargetDependency */,
			);
			name = CameraDemoTests;
			productName = CameraDemoTests;
			productReference = 184828D31AA97E88006D3ACA /* CameraDemoTests.xctest */;
			productType = "com.apple.product-type.bundle.unit-test";
		};
/* End PBXNativeTarget section */

/* Begin PBXProject section */
		184828B21AA97E87006D3ACA /* Project object */ = {
			isa = PBXProject;
			attributes = {
				LastUpgradeCheck = 0610;
				ORGANIZATIONNAME = "侯垒";
				TargetAttributes = {
					184828B91AA97E87006D3ACA = {
						CreatedOnToolsVersion = 6.1;
					};
					184828D21AA97E88006D3ACA = {
						CreatedOnToolsVersion = 6.1;
						TestTargetID = 184828B91AA97E87006D3ACA;
					};
				};
			};
			buildConfigurationList = 184828B51AA97E87006D3ACA /* Build configuration list for PBXProject "CameraDemo" */;
			compatibilityVersion = "Xcode 3.2";
			developmentRegion = English;
			hasScannedForEncodings = 0;
			knownRegions = (
				en,
				Base,
			);
			mainGroup = 184828B11AA97E87006D3ACA;
			productRefGroup = 184828BB1AA97E88006D3ACA /* Products */;
			projectDirPath = "";
			projectRoot = "";
			targets = (
				184828B91AA97E87006D3ACA /* CameraDemo */,
				184828D21AA97E88006D3ACA /* CameraDemoTests */,
			);
		};
/* End PBXProject section */

/* Begin PBXResourcesBuildPhase section */
		184828B81AA97E87006D3ACA /* Resources */ = {
			isa = PBXResourcesBuildPhase;
			buildActionMask = 2147483647;
			files = (
				184828C91AA97E88006D3ACA /* Main.storyboard in Resources */,
				184828CE1AA97E88006D3ACA /* LaunchScreen.xib in Resources */,
				184828CB1AA97E88006D3ACA /* Images.xcassets in Resources */,
			);
			runOnlyForDeploymentPostprocessing = 0;
		};
		184828D11AA97E88006D3ACA /* Resources */ = {
			isa = PBXResourcesBuildPhase;
			buildActionMask = 2147483647;
			files = (
			);
			runOnlyForDeploymentPostprocessing = 0;
		};
/* End PBXResourcesBuildPhase section */

/* Begin PBXSourcesBuildPhase section */
		184828B61AA97E87006D3ACA /* Sources */ = {
			isa = PBXSourcesBuildPhase;
			buildActionMask = 2147483647;
			files = (
				184828C61AA97E88006D3ACA /* ViewController.m in Sources */,
				184828C31AA97E88006D3ACA /* AppDelegate.m in Sources */,
				184828C01AA97E88006D3ACA /* main.m in Sources */,
			);
			runOnlyForDeploymentPostprocessing = 0;
		};
		184828CF1AA97E88006D3ACA /* Sources */ = {
			isa = PBXSourcesBuildPhase;
			buildActionMask = 2147483647;
			files = (
				184828DA1AA97E88006D3ACA /* CameraDemoTests.m in Sources */,
			);
			runOnlyForDeploymentPostprocessing = 0;
		};
/* End PBXSourcesBuildPhase section */

/* Begin PBXTargetDependency section */
		184828D51AA97E88006D3ACA /* PBXTargetDependency */ = {
			isa = PBXTargetDependency;
			target = 184828B91AA97E87006D3ACA /* CameraDemo */;
			targetProxy = 184828D41AA97E88006D3ACA /* PBXContainerItemProxy */;
		};
/* End PBXTargetDependency section */

/* Begin PBXVariantGroup section */
		184828C71AA97E88006D3ACA /* Main.storyboard */ = {
			isa = PBXVariantGroup;
			children = (
				184828C81AA97E88006D3ACA /* Base */,
			);
			name = Main.storyboard;
			sourceTree = "<group>";
		};
		184828CC1AA97E88006D3ACA /* LaunchScreen.xib */ = {
			isa = PBXVariantGroup;
			children = (
				184828CD1AA97E88006D3ACA /* Base */,
			);
			name = LaunchScreen.xib;
			sourceTree = "<group>";
		};
/* End PBXVariantGroup section */

/* Begin XCBuildConfiguration section */
		184828DB1AA97E88006D3ACA /* Debug */ = {
			isa = XCBuildConfiguration;
			buildSettings = {
				ALWAYS_SEARCH_USER_PATHS = NO;
				CLANG_CXX_LANGUAGE_STANDARD = "gnu++0x";
				CLANG_CXX_LIBRARY = "libc++";
				CLANG_ENABLE_MODULES = YES;
				CLANG_ENABLE_OBJC_ARC = YES;
				CLANG_WARN_BOOL_CONVERSION = YES;
				CLANG_WARN_CONSTANT_CONVERSION = YES;
				CLANG_WARN_DIRECT_OBJC_ISA_USAGE = YES_ERROR;
				CLANG_WARN_EMPTY_BODY = YES;
				CLANG_WARN_ENUM_CONVERSION = YES;
				CLANG_WARN_INT_CONVERSION = YES;
				CLANG_WARN_OBJC_ROOT_CLASS = YES_ERROR;
				CLANG_WARN_UNREACHABLE_CODE = YES;
				CLANG_WARN__DUPLICATE_METHOD_MATCH = YES;
				"CODE_SIGN_IDENTITY[sdk=iphoneos*]" = "iPhone Developer: houlei houlei (4B3TV4D794)";
				COPY_PHASE_STRIP = NO;
				ENABLE_STRICT_OBJC_MSGSEND = YES;
				GCC_C_LANGUAGE_STANDARD = gnu99;
				GCC_DYNAMIC_NO_PIC = NO;
				GCC_OPTIMIZATION_LEVEL = 0;
				GCC_PREPROCESSOR_DEFINITIONS = (
					"DEBUG=1",
					"$(inherited)",
				);
				GCC_SYMBOLS_PRIVATE_EXTERN = NO;
				GCC_WARN_64_TO_32_BIT_CONVERSION = YES;
				GCC_WARN_ABOUT_RETURN_TYPE = YES_ERROR;
				GCC_WARN_UNDECLARED_SELECTOR = YES;
				GCC_WARN_UNINITIALIZED_AUTOS = YES_AGGRESSIVE;
				GCC_WARN_UNUSED_FUNCTION = YES;
				GCC_WARN_UNUSED_VARIABLE = YES;
				IPHONEOS_DEPLOYMENT_TARGET = 8.1;
				MTL_ENABLE_DEBUG_INFO = YES;
				ONLY_ACTIVE_ARCH = YES;
				SDKROOT = iphoneos;
			};
			name = Debug;
		};
		184828DC1AA97E88006D3ACA /* Release */ = {
			isa = XCBuildConfiguration;
			buildSettings = {
				ALWAYS_SEARCH_USER_PATHS = NO;
				CLANG_CXX_LANGUAGE_STANDARD = "gnu++0x";
				CLANG_CXX_LIBRARY = "libc++";
				CLANG_ENABLE_MODULES = YES;
				CLANG_ENABLE_OBJC_ARC = YES;
				CLANG_WARN_BOOL_CONVERSION = YES;
				CLANG_WARN_CONSTANT_CONVERSION = YES;
				CLANG_WARN_DIRECT_OBJC_ISA_USAGE = YES_ERROR;
				CLANG_WARN_EMPTY_BODY = YES;
				CLANG_WARN_ENUM_CONVERSION = YES;
				CLANG_WARN_INT_CONVERSION = YES;
				CLANG_WARN_OBJC_ROOT_CLASS = YES_ERROR;
				CLANG_WARN_UNREACHABLE_CODE = YES;
				CLANG_WARN__DUPLICATE_METHOD_MATCH = YES;
				"CODE_SIGN_IDENTITY[sdk=iphoneos*]" = "iPhone Developer: houlei houlei (4B3TV4D794)";
				COPY_PHASE_STRIP = YES;
				ENABLE_NS_ASSERTIONS = NO;
				ENABLE_STRICT_OBJC_MSGSEND = YES;
				GCC_C_LANGUAGE_STANDARD = gnu99;
				GCC_WARN_64_TO_32_BIT_CONVERSION = YES;
				GCC_WARN_ABOUT_RETURN_TYPE = YES_ERROR;
				GCC_WARN_UNDECLARED_SELECTOR = YES;
				GCC_WARN_UNINITIALIZED_AUTOS = YES_AGGRESSIVE;
				GCC_WARN_UNUSED_FUNCTION = YES;
				GCC_WARN_UNUSED_VARIABLE = YES;
				IPHONEOS_DEPLOYMENT_TARGET = 8.1;
				MTL_ENABLE_DEBUG_INFO = NO;
				SDKROOT = iphoneos;
				VALIDATE_PRODUCT = YES;
			};
			name = Release;
		};
		184828DE1AA97E88006D3ACA /* Debug */ = {
			isa = XCBuildConfiguration;
			buildSettings = {
				ASSETCATALOG_COMPILER_APPICON_NAME = AppIcon;
				CODE_SIGN_IDENTITY = "iPhone Developer: houlei houlei (4B3TV4D794)";
				INFOPLIST_FILE = CameraDemo/Info.plist;
				IPHONEOS_DEPLOYMENT_TARGET = 8.3;
				LD_RUNPATH_SEARCH_PATHS = "$(inherited) @executable_path/Frameworks";
				PRODUCT_NAME = "$(TARGET_NAME)";
				PROVISIONING_PROFILE = "961f8b44-4aef-4854-9256-6f7cf987a496";
			};
			name = Debug;
		};
		184828DF1AA97E88006D3ACA /* Release */ = {
			isa = XCBuildConfiguration;
			buildSettings = {
				ASSETCATALOG_COMPILER_APPICON_NAME = AppIcon;
				CODE_SIGN_IDENTITY = "iPhone Developer: houlei houlei (4B3TV4D794)";
				INFOPLIST_FILE = CameraDemo/Info.plist;
				IPHONEOS_DEPLOYMENT_TARGET = 8.3;
				LD_RUNPATH_SEARCH_PATHS = "$(inherited) @executable_path/Frameworks";
				PRODUCT_NAME = "$(TARGET_NAME)";
				PROVISIONING_PROFILE = "961f8b44-4aef-4854-9256-6f7cf987a496";
			};
			name = Release;
		};
		184828E11AA97E88006D3ACA /* Debug */ = {
			isa = XCBuildConfiguration;
			buildSettings = {
				BUNDLE_LOADER = "$(TEST_HOST)";
				FRAMEWORK_SEARCH_PATHS = (
					"$(SDKROOT)/Developer/Library/Frameworks",
					"$(inherited)",
				);
				GCC_PREPROCESSOR_DEFINITIONS = (
					"DEBUG=1",
					"$(inherited)",
				);
				INFOPLIST_FILE = CameraDemoTests/Info.plist;
				LD_RUNPATH_SEARCH_PATHS = "$(inherited) @executable_path/Frameworks @loader_path/Frameworks";
				PRODUCT_NAME = "$(TARGET_NAME)";
				TEST_HOST = "$(BUILT_PRODUCTS_DIR)/CameraDemo.app/CameraDemo";
			};
			name = Debug;
		};
		184828E21AA97E88006D3ACA /* Release */ = {
			isa = XCBuildConfiguration;
			buildSettings = {
				BUNDLE_LOADER = "$(TEST_HOST)";
				FRAMEWORK_SEARCH_PATHS = (
					"$(SDKROOT)/Developer/Library/Frameworks",
					"$(inherited)",
				);
				INFOPLIST_FILE = CameraDemoTests/Info.plist;
				LD_RUNPATH_SEARCH_PATHS = "$(inherited) @executable_path/Frameworks @loader_path/Frameworks";
				PRODUCT_NAME = "$(TARGET_NAME)";
				TEST_HOST = "$(BUILT_PRODUCTS_DIR)/CameraDemo.app/CameraDemo";
			};
			name = Release;
		};
/* End XCBuildConfiguration section */

/* Begin XCConfigurationList section */
		184828B51AA97E87006D3ACA /* Build configuration list for PBXProject "CameraDemo" */ = {
			isa = XCConfigurationList;
			buildConfigurations = (
				184828DB1AA97E88006D3ACA /* Debug */,
				184828DC1AA97E88006D3ACA /* Release */,
			);
			defaultConfigurationIsVisible = 0;
			defaultConfigurationName = Release;
		};
		184828DD1AA97E88006D3ACA /* Build configuration list for PBXNativeTarget "CameraDemo" */ = {
			isa = XCConfigurationList;
			buildConfigurations = (
				184828DE1AA97E88006D3ACA /* Debug */,
				184828DF1AA97E88006D3ACA /* Release */,
			);
			defaultConfigurationIsVisible = 0;
			defaultConfigurationName = Release;
		};
		184828E01AA97E88006D3ACA /* Build configuration list for PBXNativeTarget "CameraDemoTests" */ = {
			isa = XCConfigurationList;
			buildConfigurations = (
				184828E11AA97E88006D3ACA /* Debug */,
				184828E21AA97E88006D3ACA /* Release */,
			);
			defaultConfigurationIsVisible = 0;
			defaultConfigurationName = Release;
		};
/* End XCConfigurationList section */
	};
	rootObject = 184828B21AA97E87006D3ACA /* Project object */;
}
